
Microsoft Visual Studio Solution File, Format Version 12.00
# Visual Studio Version 16
VisualStudioVersion = 16.0.33801.447
MinimumVisualStudioVersion = 10.0.40219.1
Project("{FAE04EC0-301F-11D3-BF4B-00C04F79EFBC}") = "HTMLVSASSIGNMENT", "HTMLVSASSIGNMENT\HTMLVSASSIGNMENT.csproj", "{A738E41A-2E6B-4E0C-A841-752F16F47CAC}"
EndProject
Global
	GlobalSection(SolutionConfigurationPlatforms) = preSolution
		Debug|Any CPU = Debug|Any CPU
		Release|Any CPU = Release|Any CPU
	EndGlobalSection
	GlobalSection(ProjectConfigurationPlatforms) = postSolution
		{A738E41A-2E6B-4E0C-A841-752F16F47CAC}.Debug|Any CPU.ActiveCfg = Debug|Any CPU
		{A738E41A-2E6B-4E0C-A841-752F16F47CAC}.Debug|Any CPU.Build.0 = Debug|Any CPU
		{A738E41A-2E6B-4E0C-A841-752F16F47CAC}.Release|Any CPU.ActiveCfg = Release|Any CPU
		{A738E41A-2E6B-4E0C-A841-752F16F47CAC}.Release|Any CPU.Build.0 = Release|Any CPU
	EndGlobalSection
	GlobalSection(SolutionProperties) = preSolution
		HideSolutionNode = FALSE
	EndGlobalSection
	GlobalSection(ExtensibilityGlobals) = postSolution
		SolutionGuid = {B725D990-4725-4C9F-A4FA-E576BAF94591}
	EndGlobalSection
EndGlobal
